
Microsoft Visual Studio Solution File, Format Version 12.00
# Visual Studio Version 17
VisualStudioVersion = 17.5.33424.131
MinimumVisualStudioVersion = 10.0.40219.1
Project("{FAE04EC0-301F-11D3-BF4B-00C04F79EFBC}") = "Business", "Business\Business.csproj", "{9D3EA2DF-93ED-4F70-B7C5-45535786F658}"
EndProject
Project("{FAE04EC0-301F-11D3-BF4B-00C04F79EFBC}") = "Entity", "Entity\Entity.csproj", "{6D42B65C-95CA-44F0-8B4B-8486562F2815}"
EndProject
Project("{FAE04EC0-301F-11D3-BF4B-00C04F79EFBC}") = "DataAccess", "DataAccess\DataAccess.csproj", "{84621175-0E83-46F7-B0D2-FC732331AD9B}"
EndProject
Project("{FAE04EC0-301F-11D3-BF4B-00C04F79EFBC}") = "Core", "Core\Core.csproj", "{1CA9AA3D-DE4F-4A3F-BE31-FCE37A579F93}"
EndProject
Project("{FAE04EC0-301F-11D3-BF4B-00C04F79EFBC}") = "WebAPI", "WebAPI\WebAPI.csproj", "{48D59B82-93C1-4527-8B9D-E82144DD6035}"
EndProject
Global
	GlobalSection(SolutionConfigurationPlatforms) = preSolution
		Debug|Any CPU = Debug|Any CPU
		Release|Any CPU = Release|Any CPU
	EndGlobalSection
	GlobalSection(ProjectConfigurationPlatforms) = postSolution
		{9D3EA2DF-93ED-4F70-B7C5-45535786F658}.Debug|Any CPU.ActiveCfg = Debug|Any CPU
		{9D3EA2DF-93ED-4F70-B7C5-45535786F658}.Debug|Any CPU.Build.0 = Debug|Any CPU
		{9D3EA2DF-93ED-4F70-B7C5-45535786F658}.Release|Any CPU.ActiveCfg = Release|Any CPU
		{9D3EA2DF-93ED-4F70-B7C5-45535786F658}.Release|Any CPU.Build.0 = Release|Any CPU
		{6D42B65C-95CA-44F0-8B4B-8486562F2815}.Debug|Any CPU.ActiveCfg = Debug|Any CPU
		{6D42B65C-95CA-44F0-8B4B-8486562F2815}.Debug|Any CPU.Build.0 = Debug|Any CPU
		{6D42B65C-95CA-44F0-8B4B-8486562F2815}.Release|Any CPU.ActiveCfg = Release|Any CPU
		{6D42B65C-95CA-44F0-8B4B-8486562F2815}.Release|Any CPU.Build.0 = Release|Any CPU
		{84621175-0E83-46F7-B0D2-FC732331AD9B}.Debug|Any CPU.ActiveCfg = Debug|Any CPU
		{84621175-0E83-46F7-B0D2-FC732331AD9B}.Debug|Any CPU.Build.0 = Debug|Any CPU
		{84621175-0E83-46F7-B0D2-FC732331AD9B}.Release|Any CPU.ActiveCfg = Release|Any CPU
		{84621175-0E83-46F7-B0D2-FC732331AD9B}.Release|Any CPU.Build.0 = Release|Any CPU
		{1CA9AA3D-DE4F-4A3F-BE31-FCE37A579F93}.Debug|Any CPU.ActiveCfg = Debug|Any CPU
		{1CA9AA3D-DE4F-4A3F-BE31-FCE37A579F93}.Debug|Any CPU.Build.0 = Debug|Any CPU
		{1CA9AA3D-DE4F-4A3F-BE31-FCE37A579F93}.Release|Any CPU.ActiveCfg = Release|Any CPU
		{1CA9AA3D-DE4F-4A3F-BE31-FCE37A579F93}.Release|Any CPU.Build.0 = Release|Any CPU
		{48D59B82-93C1-4527-8B9D-E82144DD6035}.Debug|Any CPU.ActiveCfg = Debug|Any CPU
		{48D59B82-93C1-4527-8B9D-E82144DD6035}.Debug|Any CPU.Build.0 = Debug|Any CPU
		{48D59B82-93C1-4527-8B9D-E82144DD6035}.Release|Any CPU.ActiveCfg = Release|Any CPU
		{48D59B82-93C1-4527-8B9D-E82144DD6035}.Release|Any CPU.Build.0 = Release|Any CPU
	EndGlobalSection
	GlobalSection(SolutionProperties) = preSolution
		HideSolutionNode = FALSE
	EndGlobalSection
	GlobalSection(ExtensibilityGlobals) = postSolution
		SolutionGuid = {F187DA50-575D-467D-8A8C-099A30BFE9B1}
	EndGlobalSection
EndGlobal
